
Microsoft Visual Studio Solution File, Format Version 12.00
# Visual Studio Version 17
VisualStudioVersion = 17.6.33829.357
MinimumVisualStudioVersion = 10.0.40219.1
Project("{FAE04EC0-301F-11D3-BF4B-00C04F79EFBC}") = "ChineseMorraTest", "ChineseMorraTest\ChineseMorraTest.csproj", "{FB8ED950-6374-40AF-96A9-AD01DF8E2D9B}"
EndProject
Global
	GlobalSection(SolutionConfigurationPlatforms) = preSolution
		Debug|Any CPU = Debug|Any CPU
		Release|Any CPU = Release|Any CPU
	EndGlobalSection
	GlobalSection(ProjectConfigurationPlatforms) = postSolution
		{FB8ED950-6374-40AF-96A9-AD01DF8E2D9B}.Debug|Any CPU.ActiveCfg = Debug|Any CPU
		{FB8ED950-6374-40AF-96A9-AD01DF8E2D9B}.Debug|Any CPU.Build.0 = Debug|Any CPU
		{FB8ED950-6374-40AF-96A9-AD01DF8E2D9B}.Release|Any CPU.ActiveCfg = Release|Any CPU
		{FB8ED950-6374-40AF-96A9-AD01DF8E2D9B}.Release|Any CPU.Build.0 = Release|Any CPU
	EndGlobalSection
	GlobalSection(SolutionProperties) = preSolution
		HideSolutionNode = FALSE
	EndGlobalSection
	GlobalSection(ExtensibilityGlobals) = postSolution
		SolutionGuid = {426B8DA4-81F4-4A94-8915-3B5231E80BBB}
	EndGlobalSection
EndGlobal
