
Microsoft Visual Studio Solution File, Format Version 12.00
# Visual Studio Version 17
VisualStudioVersion = 17.6.33829.357
MinimumVisualStudioVersion = 10.0.40219.1
Project("{9A19103F-16F7-4668-BE54-9A1E7A4F7556}") = "MorraCinese", "MorraCinese.csproj", "{179C676B-A246-4DB3-8B30-2968C7FC06C2}"
EndProject
Project("{9A19103F-16F7-4668-BE54-9A1E7A4F7556}") = "MorraCineseTest", "..\MorraCineseTest\MorraCineseTest.csproj", "{166F00FD-7658-433F-926E-301940DFE668}"
EndProject
Global
	GlobalSection(SolutionConfigurationPlatforms) = preSolution
		Debug|Any CPU = Debug|Any CPU
		Release|Any CPU = Release|Any CPU
	EndGlobalSection
	GlobalSection(ProjectConfigurationPlatforms) = postSolution
		{179C676B-A246-4DB3-8B30-2968C7FC06C2}.Debug|Any CPU.ActiveCfg = Debug|Any CPU
		{179C676B-A246-4DB3-8B30-2968C7FC06C2}.Debug|Any CPU.Build.0 = Debug|Any CPU
		{179C676B-A246-4DB3-8B30-2968C7FC06C2}.Release|Any CPU.ActiveCfg = Release|Any CPU
		{179C676B-A246-4DB3-8B30-2968C7FC06C2}.Release|Any CPU.Build.0 = Release|Any CPU
		{166F00FD-7658-433F-926E-301940DFE668}.Debug|Any CPU.ActiveCfg = Debug|Any CPU
		{166F00FD-7658-433F-926E-301940DFE668}.Debug|Any CPU.Build.0 = Debug|Any CPU
		{166F00FD-7658-433F-926E-301940DFE668}.Release|Any CPU.ActiveCfg = Release|Any CPU
		{166F00FD-7658-433F-926E-301940DFE668}.Release|Any CPU.Build.0 = Release|Any CPU
	EndGlobalSection
	GlobalSection(SolutionProperties) = preSolution
		HideSolutionNode = FALSE
	EndGlobalSection
	GlobalSection(ExtensibilityGlobals) = postSolution
		SolutionGuid = {F3EFF24B-3681-4D1B-9C35-721293AB39DA}
	EndGlobalSection
EndGlobal
