
Microsoft Visual Studio Solution File, Format Version 12.00
# Visual Studio Version 17
VisualStudioVersion = 17.5.002.0
MinimumVisualStudioVersion = 10.0.40219.1
Project("{9A19103F-16F7-4668-BE54-9A1E7A4F7556}") = "Restaurant", "Restaurant\Restaurant.csproj", "{16FCAD57-2FF7-4D96-BDAA-90A48D269DAC}"
EndProject
Project("{9A19103F-16F7-4668-BE54-9A1E7A4F7556}") = "RestaurantTest", "RestaurantTest\RestaurantTest.csproj", "{22DF20D5-2AAD-4CC2-9410-085971D9DC9D}"
EndProject
Global
	GlobalSection(SolutionConfigurationPlatforms) = preSolution
		Debug|Any CPU = Debug|Any CPU
		Release|Any CPU = Release|Any CPU
	EndGlobalSection
	GlobalSection(ProjectConfigurationPlatforms) = postSolution
		{16FCAD57-2FF7-4D96-BDAA-90A48D269DAC}.Debug|Any CPU.ActiveCfg = Debug|Any CPU
		{16FCAD57-2FF7-4D96-BDAA-90A48D269DAC}.Debug|Any CPU.Build.0 = Debug|Any CPU
		{16FCAD57-2FF7-4D96-BDAA-90A48D269DAC}.Release|Any CPU.ActiveCfg = Release|Any CPU
		{16FCAD57-2FF7-4D96-BDAA-90A48D269DAC}.Release|Any CPU.Build.0 = Release|Any CPU
		{22DF20D5-2AAD-4CC2-9410-085971D9DC9D}.Debug|Any CPU.ActiveCfg = Debug|Any CPU
		{22DF20D5-2AAD-4CC2-9410-085971D9DC9D}.Debug|Any CPU.Build.0 = Debug|Any CPU
		{22DF20D5-2AAD-4CC2-9410-085971D9DC9D}.Release|Any CPU.ActiveCfg = Release|Any CPU
		{22DF20D5-2AAD-4CC2-9410-085971D9DC9D}.Release|Any CPU.Build.0 = Release|Any CPU
	EndGlobalSection
	GlobalSection(SolutionProperties) = preSolution
		HideSolutionNode = FALSE
	EndGlobalSection
	GlobalSection(ExtensibilityGlobals) = postSolution
		SolutionGuid = {E33495FB-D1F6-41A6-908E-1A696899D3B1}
	EndGlobalSection
EndGlobal
