
Microsoft Visual Studio Solution File, Format Version 12.00
# Visual Studio Version 17
VisualStudioVersion = 17.5.002.0
MinimumVisualStudioVersion = 10.0.40219.1
Project("{9A19103F-16F7-4668-BE54-9A1E7A4F7556}") = "Reading&WritingFromTextFiles", "Reading&WritingFromTextFiles.csproj", "{EA16B02A-CEC0-4DF0-9AFC-E6E0DD06A528}"
EndProject
Global
	GlobalSection(SolutionConfigurationPlatforms) = preSolution
		Debug|Any CPU = Debug|Any CPU
		Release|Any CPU = Release|Any CPU
	EndGlobalSection
	GlobalSection(ProjectConfigurationPlatforms) = postSolution
		{EA16B02A-CEC0-4DF0-9AFC-E6E0DD06A528}.Debug|Any CPU.ActiveCfg = Debug|Any CPU
		{EA16B02A-CEC0-4DF0-9AFC-E6E0DD06A528}.Debug|Any CPU.Build.0 = Debug|Any CPU
		{EA16B02A-CEC0-4DF0-9AFC-E6E0DD06A528}.Release|Any CPU.ActiveCfg = Release|Any CPU
		{EA16B02A-CEC0-4DF0-9AFC-E6E0DD06A528}.Release|Any CPU.Build.0 = Release|Any CPU
	EndGlobalSection
	GlobalSection(SolutionProperties) = preSolution
		HideSolutionNode = FALSE
	EndGlobalSection
	GlobalSection(ExtensibilityGlobals) = postSolution
		SolutionGuid = {734AB3EC-FBFA-4A59-BFEC-CD79CA6ECC04}
	EndGlobalSection
EndGlobal
