
Microsoft Visual Studio Solution File, Format Version 12.00
# Visual Studio Version 17
VisualStudioVersion = 17.5.002.0
MinimumVisualStudioVersion = 10.0.40219.1
Project("{9A19103F-16F7-4668-BE54-9A1E7A4F7556}") = "TimeAppointment", "TimeAppointment.csproj", "{E3ECB591-E0DA-4D90-B275-0E77A464871B}"
EndProject
Global
	GlobalSection(SolutionConfigurationPlatforms) = preSolution
		Debug|Any CPU = Debug|Any CPU
		Release|Any CPU = Release|Any CPU
	EndGlobalSection
	GlobalSection(ProjectConfigurationPlatforms) = postSolution
		{E3ECB591-E0DA-4D90-B275-0E77A464871B}.Debug|Any CPU.ActiveCfg = Debug|Any CPU
		{E3ECB591-E0DA-4D90-B275-0E77A464871B}.Debug|Any CPU.Build.0 = Debug|Any CPU
		{E3ECB591-E0DA-4D90-B275-0E77A464871B}.Release|Any CPU.ActiveCfg = Release|Any CPU
		{E3ECB591-E0DA-4D90-B275-0E77A464871B}.Release|Any CPU.Build.0 = Release|Any CPU
	EndGlobalSection
	GlobalSection(SolutionProperties) = preSolution
		HideSolutionNode = FALSE
	EndGlobalSection
	GlobalSection(ExtensibilityGlobals) = postSolution
		SolutionGuid = {7E98B785-EA8A-4849-AE43-24627FC806D9}
	EndGlobalSection
EndGlobal
