
Microsoft Visual Studio Solution File, Format Version 12.00
# Visual Studio Version 17
VisualStudioVersion = 17.6.33829.357
MinimumVisualStudioVersion = 10.0.40219.1
Project("{FAE04EC0-301F-11D3-BF4B-00C04F79EFBC}") = "DeckItalianCards", "DeckItalianCards.csproj", "{AD816E18-873E-44BD-BC27-D719B6D80D7F}"
EndProject
Global
	GlobalSection(SolutionConfigurationPlatforms) = preSolution
		Debug|Any CPU = Debug|Any CPU
		Release|Any CPU = Release|Any CPU
	EndGlobalSection
	GlobalSection(ProjectConfigurationPlatforms) = postSolution
		{AD816E18-873E-44BD-BC27-D719B6D80D7F}.Debug|Any CPU.ActiveCfg = Debug|Any CPU
		{AD816E18-873E-44BD-BC27-D719B6D80D7F}.Debug|Any CPU.Build.0 = Debug|Any CPU
		{AD816E18-873E-44BD-BC27-D719B6D80D7F}.Release|Any CPU.ActiveCfg = Release|Any CPU
		{AD816E18-873E-44BD-BC27-D719B6D80D7F}.Release|Any CPU.Build.0 = Release|Any CPU
	EndGlobalSection
	GlobalSection(SolutionProperties) = preSolution
		HideSolutionNode = FALSE
	EndGlobalSection
	GlobalSection(ExtensibilityGlobals) = postSolution
		SolutionGuid = {3EF53F06-4D1E-4126-8947-B25A7A7923E0}
	EndGlobalSection
EndGlobal
