
Microsoft Visual Studio Solution File, Format Version 12.00
# Visual Studio Version 17
VisualStudioVersion = 17.6.33829.357
MinimumVisualStudioVersion = 10.0.40219.1
Project("{9A19103F-16F7-4668-BE54-9A1E7A4F7556}") = "MorraCineseTest", "MorraCineseTest.csproj", "{FEDB16E5-B28C-4AF6-B467-DC0CD9FDA6AE}"
EndProject
Project("{9A19103F-16F7-4668-BE54-9A1E7A4F7556}") = "MorraCinese", "..\MorraCinese\MorraCinese.csproj", "{4B73E4EB-D566-49E1-9267-38C79830D7F1}"
EndProject
Global
	GlobalSection(SolutionConfigurationPlatforms) = preSolution
		Debug|Any CPU = Debug|Any CPU
		Release|Any CPU = Release|Any CPU
	EndGlobalSection
	GlobalSection(ProjectConfigurationPlatforms) = postSolution
		{FEDB16E5-B28C-4AF6-B467-DC0CD9FDA6AE}.Debug|Any CPU.ActiveCfg = Debug|Any CPU
		{FEDB16E5-B28C-4AF6-B467-DC0CD9FDA6AE}.Debug|Any CPU.Build.0 = Debug|Any CPU
		{FEDB16E5-B28C-4AF6-B467-DC0CD9FDA6AE}.Release|Any CPU.ActiveCfg = Release|Any CPU
		{FEDB16E5-B28C-4AF6-B467-DC0CD9FDA6AE}.Release|Any CPU.Build.0 = Release|Any CPU
		{4B73E4EB-D566-49E1-9267-38C79830D7F1}.Debug|Any CPU.ActiveCfg = Debug|Any CPU
		{4B73E4EB-D566-49E1-9267-38C79830D7F1}.Debug|Any CPU.Build.0 = Debug|Any CPU
		{4B73E4EB-D566-49E1-9267-38C79830D7F1}.Release|Any CPU.ActiveCfg = Release|Any CPU
		{4B73E4EB-D566-49E1-9267-38C79830D7F1}.Release|Any CPU.Build.0 = Release|Any CPU
	EndGlobalSection
	GlobalSection(SolutionProperties) = preSolution
		HideSolutionNode = FALSE
	EndGlobalSection
	GlobalSection(ExtensibilityGlobals) = postSolution
		SolutionGuid = {407C8D2A-6D8D-4E2D-8318-A78BF879EF14}
	EndGlobalSection
EndGlobal
