
Microsoft Visual Studio Solution File, Format Version 12.00
# Visual Studio Version 17
VisualStudioVersion = 17.6.33829.357
MinimumVisualStudioVersion = 10.0.40219.1
Project("{FAE04EC0-301F-11D3-BF4B-00C04F79EFBC}") = "PuntoSegmentoCerchio", "PuntoSegmentoCerchio.csproj", "{4F28C0A1-122A-4FCA-86BC-22AF3A573D72}"
EndProject
Project("{FAE04EC0-301F-11D3-BF4B-00C04F79EFBC}") = "cerchioPuntoSegmentoTest", "..\cerchioPuntoSegmentoTest\cerchioPuntoSegmentoTest.csproj", "{66067A65-6A80-49E8-9028-11EB92335DF3}"
EndProject
Global
	GlobalSection(SolutionConfigurationPlatforms) = preSolution
		Debug|Any CPU = Debug|Any CPU
		Release|Any CPU = Release|Any CPU
	EndGlobalSection
	GlobalSection(ProjectConfigurationPlatforms) = postSolution
		{4F28C0A1-122A-4FCA-86BC-22AF3A573D72}.Debug|Any CPU.ActiveCfg = Debug|Any CPU
		{4F28C0A1-122A-4FCA-86BC-22AF3A573D72}.Debug|Any CPU.Build.0 = Debug|Any CPU
		{4F28C0A1-122A-4FCA-86BC-22AF3A573D72}.Release|Any CPU.ActiveCfg = Release|Any CPU
		{4F28C0A1-122A-4FCA-86BC-22AF3A573D72}.Release|Any CPU.Build.0 = Release|Any CPU
		{66067A65-6A80-49E8-9028-11EB92335DF3}.Debug|Any CPU.ActiveCfg = Debug|Any CPU
		{66067A65-6A80-49E8-9028-11EB92335DF3}.Debug|Any CPU.Build.0 = Debug|Any CPU
		{66067A65-6A80-49E8-9028-11EB92335DF3}.Release|Any CPU.ActiveCfg = Release|Any CPU
		{66067A65-6A80-49E8-9028-11EB92335DF3}.Release|Any CPU.Build.0 = Release|Any CPU
	EndGlobalSection
	GlobalSection(SolutionProperties) = preSolution
		HideSolutionNode = FALSE
	EndGlobalSection
	GlobalSection(ExtensibilityGlobals) = postSolution
		SolutionGuid = {1BE726EA-667E-40ED-B01C-C6FFE17093F1}
	EndGlobalSection
EndGlobal
